// !$*UTF8*$!
{
	archiveVersion = 1;
	classes = {
	};
	objectVersion = 48;
	objects = {

/* Begin PBXBuildFile section */
		8D3BB6EA202D3BDE0000C448 /* MaterialView.swift in Sources */ = {isa = PBXBuildFile; fileRef = 8D3BB6E9202D3BDE0000C448 /* MaterialView.swift */; };
		8D3F343F202BF26D000D8A2A /* Image+CoreDataClass.swift in Sources */ = {isa = PBXBuildFile; fileRef = 8D3F3437202BF26D000D8A2A /* Image+CoreDataClass.swift */; };
		8D3F3440202BF26E000D8A2A /* Image+CoreDataProperties.swift in Sources */ = {isa = PBXBuildFile; fileRef = 8D3F3438202BF26D000D8A2A /* Image+CoreDataProperties.swift */; };
		8D3F3441202BF26E000D8A2A /* Store+CoreDataClass.swift in Sources */ = {isa = PBXBuildFile; fileRef = 8D3F3439202BF26D000D8A2A /* Store+CoreDataClass.swift */; };
		8D3F3442202BF26E000D8A2A /* Store+CoreDataProperties.swift in Sources */ = {isa = PBXBuildFile; fileRef = 8D3F343A202BF26D000D8A2A /* Store+CoreDataProperties.swift */; };
		8D3F3443202BF26E000D8A2A /* ItemType+CoreDataClass.swift in Sources */ = {isa = PBXBuildFile; fileRef = 8D3F343B202BF26D000D8A2A /* ItemType+CoreDataClass.swift */; };
		8D3F3444202BF26E000D8A2A /* ItemType+CoreDataProperties.swift in Sources */ = {isa = PBXBuildFile; fileRef = 8D3F343C202BF26D000D8A2A /* ItemType+CoreDataProperties.swift */; };
		8D3F3445202BF26E000D8A2A /* Item+CoreDataClass.swift in Sources */ = {isa = PBXBuildFile; fileRef = 8D3F343D202BF26D000D8A2A /* Item+CoreDataClass.swift */; };
		8D3F3446202BF26E000D8A2A /* Item+CoreDataProperties.swift in Sources */ = {isa = PBXBuildFile; fileRef = 8D3F343E202BF26D000D8A2A /* Item+CoreDataProperties.swift */; };
		8D46279D202E311B00718F14 /* ItemCell.swift in Sources */ = {isa = PBXBuildFile; fileRef = 8D46279C202E311B00718F14 /* ItemCell.swift */; };
		8D4F697220535DB400658236 /* g-wagon.jpg in Resources */ = {isa = PBXBuildFile; fileRef = 8D4F697120535DB400658236 /* g-wagon.jpg */; };
		8DAAA682202A9C53007048EE /* AppDelegate.swift in Sources */ = {isa = PBXBuildFile; fileRef = 8DAAA681202A9C53007048EE /* AppDelegate.swift */; };
		8DAAA684202A9C53007048EE /* MainVC.swift in Sources */ = {isa = PBXBuildFile; fileRef = 8DAAA683202A9C53007048EE /* MainVC.swift */; };
		8DAAA687202A9C53007048EE /* Main.storyboard in Resources */ = {isa = PBXBuildFile; fileRef = 8DAAA685202A9C53007048EE /* Main.storyboard */; };
		8DAAA68A202A9C53007048EE /* DreamLister.xcdatamodeld in Sources */ = {isa = PBXBuildFile; fileRef = 8DAAA688202A9C53007048EE /* DreamLister.xcdatamodeld */; };
		8DAAA68C202A9C53007048EE /* Assets.xcassets in Resources */ = {isa = PBXBuildFile; fileRef = 8DAAA68B202A9C53007048EE /* Assets.xcassets */; };
		8DAAA68F202A9C53007048EE /* LaunchScreen.storyboard in Resources */ = {isa = PBXBuildFile; fileRef = 8DAAA68D202A9C53007048EE /* LaunchScreen.storyboard */; };
		8DD0943D203660570080288C /* CustomTextField.swift in Sources */ = {isa = PBXBuildFile; fileRef = 8DD0943C203660570080288C /* CustomTextField.swift */; };
		8DE07895203650AD004D7D8C /* ItemDetailsVC.swift in Sources */ = {isa = PBXBuildFile; fileRef = 8DE07894203650AD004D7D8C /* ItemDetailsVC.swift */; };
/* End PBXBuildFile section */

/* Begin PBXFileReference section */
		8D3BB6E9202D3BDE0000C448 /* MaterialView.swift */ = {isa = PBXFileReference; lastKnownFileType = sourcecode.swift; path = MaterialView.swift; sourceTree = "<group>"; };
		8D3F3437202BF26D000D8A2A /* Image+CoreDataClass.swift */ = {isa = PBXFileReference; lastKnownFileType = sourcecode.swift; path = "Image+CoreDataClass.swift"; sourceTree = "<group>"; };
		8D3F3438202BF26D000D8A2A /* Image+CoreDataProperties.swift */ = {isa = PBXFileReference; lastKnownFileType = sourcecode.swift; path = "Image+CoreDataProperties.swift"; sourceTree = "<group>"; };
		8D3F3439202BF26D000D8A2A /* Store+CoreDataClass.swift */ = {isa = PBXFileReference; lastKnownFileType = sourcecode.swift; path = "Store+CoreDataClass.swift"; sourceTree = "<group>"; };
		8D3F343A202BF26D000D8A2A /* Store+CoreDataProperties.swift */ = {isa = PBXFileReference; lastKnownFileType = sourcecode.swift; path = "Store+CoreDataProperties.swift"; sourceTree = "<group>"; };
		8D3F343B202BF26D000D8A2A /* ItemType+CoreDataClass.swift */ = {isa = PBXFileReference; lastKnownFileType = sourcecode.swift; path = "ItemType+CoreDataClass.swift"; sourceTree = "<group>"; };
		8D3F343C202BF26D000D8A2A /* ItemType+CoreDataProperties.swift */ = {isa = PBXFileReference; lastKnownFileType = sourcecode.swift; path = "ItemType+CoreDataProperties.swift"; sourceTree = "<group>"; };
		8D3F343D202BF26D000D8A2A /* Item+CoreDataClass.swift */ = {isa = PBXFileReference; lastKnownFileType = sourcecode.swift; path = "Item+CoreDataClass.swift"; sourceTree = "<group>"; };
		8D3F343E202BF26D000D8A2A /* Item+CoreDataProperties.swift */ = {isa = PBXFileReference; lastKnownFileType = sourcecode.swift; path = "Item+CoreDataProperties.swift"; sourceTree = "<group>"; };
		8D46279C202E311B00718F14 /* ItemCell.swift */ = {isa = PBXFileReference; lastKnownFileType = sourcecode.swift; path = ItemCell.swift; sourceTree = "<group>"; };
		8D4F697120535DB400658236 /* g-wagon.jpg */ = {isa = PBXFileReference; lastKnownFileType = image.jpeg; path = "g-wagon.jpg"; sourceTree = "<group>"; };
		8DAAA67E202A9C53007048EE /* DreamLister.app */ = {isa = PBXFileReference; explicitFileType = wrapper.application; includeInIndex = 0; path = DreamLister.app; sourceTree = BUILT_PRODUCTS_DIR; };
		8DAAA681202A9C53007048EE /* AppDelegate.swift */ = {isa = PBXFileReference; lastKnownFileType = sourcecode.swift; path = AppDelegate.swift; sourceTree = "<group>"; };
		8DAAA683202A9C53007048EE /* MainVC.swift */ = {isa = PBXFileReference; lastKnownFileType = sourcecode.swift; path = MainVC.swift; sourceTree = "<group>"; };
		8DAAA686202A9C53007048EE /* Base */ = {isa = PBXFileReference; lastKnownFileType = file.storyboard; name = Base; path = Base.lproj/Main.storyboard; sourceTree = "<group>"; };
		8DAAA689202A9C53007048EE /* DreamLister.xcdatamodel */ = {isa = PBXFileReference; lastKnownFileType = wrapper.xcdatamodel; path = DreamLister.xcdatamodel; sourceTree = "<group>"; };
		8DAAA68B202A9C53007048EE /* Assets.xcassets */ = {isa = PBXFileReference; lastKnownFileType = folder.assetcatalog; path = Assets.xcassets; sourceTree = "<group>"; };
		8DAAA68E202A9C53007048EE /* Base */ = {isa = PBXFileReference; lastKnownFileType = file.storyboard; name = Base; path = Base.lproj/LaunchScreen.storyboard; sourceTree = "<group>"; };
		8DAAA690202A9C53007048EE /* Info.plist */ = {isa = PBXFileReference; lastKnownFileType = text.plist.xml; path = Info.plist; sourceTree = "<group>"; };
		8DD0943C203660570080288C /* CustomTextField.swift */ = {isa = PBXFileReference; fileEncoding = 4; lastKnownFileType = sourcecode.swift; path = CustomTextField.swift; sourceTree = "<group>"; };
		8DE07894203650AD004D7D8C /* ItemDetailsVC.swift */ = {isa = PBXFileReference; lastKnownFileType = sourcecode.swift; path = ItemDetailsVC.swift; sourceTree = "<group>"; };
/* End PBXFileReference section */

/* Begin PBXFrameworksBuildPhase section */
		8DAAA67B202A9C53007048EE /* Frameworks */ = {
			isa = PBXFrameworksBuildPhase;
			buildActionMask = 2147483647;
			files = (
			);
			runOnlyForDeploymentPostprocessing = 0;
		};
/* End PBXFrameworksBuildPhase section */

/* Begin PBXGroup section */
		8D3BB6E8202D3BA00000C448 /* View */ = {
			isa = PBXGroup;
			children = (
				8D3BB6E9202D3BDE0000C448 /* MaterialView.swift */,
				8D46279C202E311B00718F14 /* ItemCell.swift */,
				8DD0943C203660570080288C /* CustomTextField.swift */,
			);
			path = View;
			sourceTree = "<group>";
		};
		8D3F3447202BF2CA000D8A2A /* Model */ = {
			isa = PBXGroup;
			children = (
				8D3F3437202BF26D000D8A2A /* Image+CoreDataClass.swift */,
				8D3F343B202BF26D000D8A2A /* ItemType+CoreDataClass.swift */,
				8D3F343D202BF26D000D8A2A /* Item+CoreDataClass.swift */,
				8D3F3439202BF26D000D8A2A /* Store+CoreDataClass.swift */,
				8D3F3448202BF2CF000D8A2A /* Generated */,
			);
			path = Model;
			sourceTree = "<group>";
		};
		8D3F3448202BF2CF000D8A2A /* Generated */ = {
			isa = PBXGroup;
			children = (
				8D3F3438202BF26D000D8A2A /* Image+CoreDataProperties.swift */,
				8D3F343A202BF26D000D8A2A /* Store+CoreDataProperties.swift */,
				8D3F343C202BF26D000D8A2A /* ItemType+CoreDataProperties.swift */,
				8D3F343E202BF26D000D8A2A /* Item+CoreDataProperties.swift */,
			);
			path = Generated;
			sourceTree = "<group>";
		};
		8DAAA675202A9C53007048EE = {
			isa = PBXGroup;
			children = (
				8DAAA680202A9C53007048EE /* DreamLister */,
				8DAAA67F202A9C53007048EE /* Products */,
			);
			sourceTree = "<group>";
		};
		8DAAA67F202A9C53007048EE /* Products */ = {
			isa = PBXGroup;
			children = (
				8DAAA67E202A9C53007048EE /* DreamLister.app */,
			);
			name = Products;
			sourceTree = "<group>";
		};
		8DAAA680202A9C53007048EE /* DreamLister */ = {
			isa = PBXGroup;
			children = (
				8D3BB6E8202D3BA00000C448 /* View */,
				8D3F3447202BF2CA000D8A2A /* Model */,
				8DE0789320365064004D7D8C /* Controller */,
				8DAAA681202A9C53007048EE /* AppDelegate.swift */,
				8DAAA685202A9C53007048EE /* Main.storyboard */,
				8D4F697120535DB400658236 /* g-wagon.jpg */,
				8DAAA68B202A9C53007048EE /* Assets.xcassets */,
				8DAAA68D202A9C53007048EE /* LaunchScreen.storyboard */,
				8DAAA690202A9C53007048EE /* Info.plist */,
				8DAAA688202A9C53007048EE /* DreamLister.xcdatamodeld */,
			);
			path = DreamLister;
			sourceTree = "<group>";
		};
		8DE0789320365064004D7D8C /* Controller */ = {
			isa = PBXGroup;
			children = (
				8DAAA683202A9C53007048EE /* MainVC.swift */,
				8DE07894203650AD004D7D8C /* ItemDetailsVC.swift */,
			);
			path = Controller;
			sourceTree = "<group>";
		};
/* End PBXGroup section */

/* Begin PBXNativeTarget section */
		8DAAA67D202A9C53007048EE /* DreamLister */ = {
			isa = PBXNativeTarget;
			buildConfigurationList = 8DAAA693202A9C53007048EE /* Build configuration list for PBXNativeTarget "DreamLister" */;
			buildPhases = (
				8DAAA67A202A9C53007048EE /* Sources */,
				8DAAA67B202A9C53007048EE /* Frameworks */,
				8DAAA67C202A9C53007048EE /* Resources */,
			);
			buildRules = (
			);
			dependencies = (
			);
			name = DreamLister;
			productName = DreamLister;
			productReference = 8DAAA67E202A9C53007048EE /* DreamLister.app */;
			productType = "com.apple.product-type.application";
		};
/* End PBXNativeTarget section */

/* Begin PBXProject section */
		8DAAA676202A9C53007048EE /* Project object */ = {
			isa = PBXProject;
			attributes = {
				LastSwiftUpdateCheck = 0920;
				LastUpgradeCheck = 0930;
				ORGANIZATIONNAME = "Jonathan Avram";
				TargetAttributes = {
					8DAAA67D202A9C53007048EE = {
						CreatedOnToolsVersion = 9.2;
						ProvisioningStyle = Automatic;
					};
				};
			};
			buildConfigurationList = 8DAAA679202A9C53007048EE /* Build configuration list for PBXProject "DreamLister" */;
			compatibilityVersion = "Xcode 8.0";
			developmentRegion = en;
			hasScannedForEncodings = 0;
			knownRegions = (
				en,
				Base,
			);
			mainGroup = 8DAAA675202A9C53007048EE;
			productRefGroup = 8DAAA67F202A9C53007048EE /* Products */;
			projectDirPath = "";
			projectRoot = "";
			targets = (
				8DAAA67D202A9C53007048EE /* DreamLister */,
			);
		};
/* End PBXProject section */

/* Begin PBXResourcesBuildPhase section */
		8DAAA67C202A9C53007048EE /* Resources */ = {
			isa = PBXResourcesBuildPhase;
			buildActionMask = 2147483647;
			files = (
				8DAAA68F202A9C53007048EE /* LaunchScreen.storyboard in Resources */,
				8DAAA68C202A9C53007048EE /* Assets.xcassets in Resources */,
				8D4F697220535DB400658236 /* g-wagon.jpg in Resources */,
				8DAAA687202A9C53007048EE /* Main.storyboard in Resources */,
			);
			runOnlyForDeploymentPostprocessing = 0;
		};
/* End PBXResourcesBuildPhase section */

/* Begin PBXSourcesBuildPhase section */
		8DAAA67A202A9C53007048EE /* Sources */ = {
			isa = PBXSourcesBuildPhase;
			buildActionMask = 2147483647;
			files = (
				8D46279D202E311B00718F14 /* ItemCell.swift in Sources */,
				8D3F3445202BF26E000D8A2A /* Item+CoreDataClass.swift in Sources */,
				8DAAA684202A9C53007048EE /* MainVC.swift in Sources */,
				8D3F3441202BF26E000D8A2A /* Store+CoreDataClass.swift in Sources */,
				8D3BB6EA202D3BDE0000C448 /* MaterialView.swift in Sources */,
				8D3F3444202BF26E000D8A2A /* ItemType+CoreDataProperties.swift in Sources */,
				8D3F3440202BF26E000D8A2A /* Image+CoreDataProperties.swift in Sources */,
				8DAAA682202A9C53007048EE /* AppDelegate.swift in Sources */,
				8DE07895203650AD004D7D8C /* ItemDetailsVC.swift in Sources */,
				8D3F3443202BF26E000D8A2A /* ItemType+CoreDataClass.swift in Sources */,
				8D3F3442202BF26E000D8A2A /* Store+CoreDataProperties.swift in Sources */,
				8DAAA68A202A9C53007048EE /* DreamLister.xcdatamodeld in Sources */,
				8D3F3446202BF26E000D8A2A /* Item+CoreDataProperties.swift in Sources */,
				8D3F343F202BF26D000D8A2A /* Image+CoreDataClass.swift in Sources */,
				8DD0943D203660570080288C /* CustomTextField.swift in Sources */,
			);
			runOnlyForDeploymentPostprocessing = 0;
		};
/* End PBXSourcesBuildPhase section */

/* Begin PBXVariantGroup section */
		8DAAA685202A9C53007048EE /* Main.storyboard */ = {
			isa = PBXVariantGroup;
			children = (
				8DAAA686202A9C53007048EE /* Base */,
			);
			name = Main.storyboard;
			sourceTree = "<group>";
		};
		8DAAA68D202A9C53007048EE /* LaunchScreen.storyboard */ = {
			isa = PBXVariantGroup;
			children = (
				8DAAA68E202A9C53007048EE /* Base */,
			);
			name = LaunchScreen.storyboard;
			sourceTree = "<group>";
		};
/* End PBXVariantGroup section */

/* Begin XCBuildConfiguration section */
		8DAAA691202A9C53007048EE /* Debug */ = {
			isa = XCBuildConfiguration;
			buildSettings = {
				ALWAYS_SEARCH_USER_PATHS = NO;
				CLANG_ANALYZER_NONNULL = YES;
				CLANG_ANALYZER_NUMBER_OBJECT_CONVERSION = YES_AGGRESSIVE;
				CLANG_CXX_LANGUAGE_STANDARD = "gnu++14";
				CLANG_CXX_LIBRARY = "libc++";
				CLANG_ENABLE_MODULES = YES;
				CLANG_ENABLE_OBJC_ARC = YES;
				CLANG_WARN_BLOCK_CAPTURE_AUTORELEASING = YES;
				CLANG_WARN_BOOL_CONVERSION = YES;
				CLANG_WARN_COMMA = YES;
				CLANG_WARN_CONSTANT_CONVERSION = YES;
				CLANG_WARN_DEPRECATED_OBJC_IMPLEMENTATIONS = YES;
				CLANG_WARN_DIRECT_OBJC_ISA_USAGE = YES_ERROR;
				CLANG_WARN_DOCUMENTATION_COMMENTS = YES;
				CLANG_WARN_EMPTY_BODY = YES;
				CLANG_WARN_ENUM_CONVERSION = YES;
				CLANG_WARN_INFINITE_RECURSION = YES;
				CLANG_WARN_INT_CONVERSION = YES;
				CLANG_WARN_NON_LITERAL_NULL_CONVERSION = YES;
				CLANG_WARN_OBJC_IMPLICIT_RETAIN_SELF = YES;
				CLANG_WARN_OBJC_LITERAL_CONVERSION = YES;
				CLANG_WARN_OBJC_ROOT_CLASS = YES_ERROR;
				CLANG_WARN_RANGE_LOOP_ANALYSIS = YES;
				CLANG_WARN_STRICT_PROTOTYPES = YES;
				CLANG_WARN_SUSPICIOUS_MOVE = YES;
				CLANG_WARN_UNGUARDED_AVAILABILITY = YES_AGGRESSIVE;
				CLANG_WARN_UNREACHABLE_CODE = YES;
				CLANG_WARN__DUPLICATE_METHOD_MATCH = YES;
				CODE_SIGN_IDENTITY = "iPhone Developer";
				COPY_PHASE_STRIP = NO;
				DEBUG_INFORMATION_FORMAT = dwarf;
				ENABLE_STRICT_OBJC_MSGSEND = YES;
				ENABLE_TESTABILITY = YES;
				GCC_C_LANGUAGE_STANDARD = gnu11;
				GCC_DYNAMIC_NO_PIC = NO;
				GCC_NO_COMMON_BLOCKS = YES;
				GCC_OPTIMIZATION_LEVEL = 0;
				GCC_PREPROCESSOR_DEFINITIONS = (
					"DEBUG=1",
					"$(inherited)",
				);
				GCC_WARN_64_TO_32_BIT_CONVERSION = YES;
				GCC_WARN_ABOUT_RETURN_TYPE = YES_ERROR;
				GCC_WARN_UNDECLARED_SELECTOR = YES;
				GCC_WARN_UNINITIALIZED_AUTOS = YES_AGGRESSIVE;
				GCC_WARN_UNUSED_FUNCTION = YES;
				GCC_WARN_UNUSED_VARIABLE = YES;
				IPHONEOS_DEPLOYMENT_TARGET = 11.2;
				MTL_ENABLE_DEBUG_INFO = YES;
				ONLY_ACTIVE_ARCH = YES;
				SDKROOT = iphoneos;
				SWIFT_ACTIVE_COMPILATION_CONDITIONS = DEBUG;
				SWIFT_OPTIMIZATION_LEVEL = "-Onone";
			};
			name = Debug;
		};
		8DAAA692202A9C53007048EE /* Release */ = {
			isa = XCBuildConfiguration;
			buildSettings = {
				ALWAYS_SEARCH_USER_PATHS = NO;
				CLANG_ANALYZER_NONNULL = YES;
				CLANG_ANALYZER_NUMBER_OBJECT_CONVERSION = YES_AGGRESSIVE;
				CLANG_CXX_LANGUAGE_STANDARD = "gnu++14";
				CLANG_CXX_LIBRARY = "libc++";
				CLANG_ENABLE_MODULES = YES;
				CLANG_ENABLE_OBJC_ARC = YES;
				CLANG_WARN_BLOCK_CAPTURE_AUTORELEASING = YES;
				CLANG_WARN_BOOL_CONVERSION = YES;
				CLANG_WARN_COMMA = YES;
				CLANG_WARN_CONSTANT_CONVERSION = YES;
				CLANG_WARN_DEPRECATED_OBJC_IMPLEMENTATIONS = YES;
				CLANG_WARN_DIRECT_OBJC_ISA_USAGE = YES_ERROR;
				CLANG_WARN_DOCUMENTATION_COMMENTS = YES;
				CLANG_WARN_EMPTY_BODY = YES;
				CLANG_WARN_ENUM_CONVERSION = YES;
				CLANG_WARN_INFINITE_RECURSION = YES;
				CLANG_WARN_INT_CONVERSION = YES;
				CLANG_WARN_NON_LITERAL_NULL_CONVERSION = YES;
				CLANG_WARN_OBJC_IMPLICIT_RETAIN_SELF = YES;
				CLANG_WARN_OBJC_LITERAL_CONVERSION = YES;
				CLANG_WARN_OBJC_ROOT_CLASS = YES_ERROR;
				CLANG_WARN_RANGE_LOOP_ANALYSIS = YES;
				CLANG_WARN_STRICT_PROTOTYPES = YES;
				CLANG_WARN_SUSPICIOUS_MOVE = YES;
				CLANG_WARN_UNGUARDED_AVAILABILITY = YES_AGGRESSIVE;
				CLANG_WARN_UNREACHABLE_CODE = YES;
				CLANG_WARN__DUPLICATE_METHOD_MATCH = YES;
				CODE_SIGN_IDENTITY = "iPhone Developer";
				COPY_PHASE_STRIP = NO;
				DEBUG_INFORMATION_FORMAT = "dwarf-with-dsym";
				ENABLE_NS_ASSERTIONS = NO;
				ENABLE_STRICT_OBJC_MSGSEND = YES;
				GCC_C_LANGUAGE_STANDARD = gnu11;
				GCC_NO_COMMON_BLOCKS = YES;
				GCC_WARN_64_TO_32_BIT_CONVERSION = YES;
				GCC_WARN_ABOUT_RETURN_TYPE = YES_ERROR;
				GCC_WARN_UNDECLARED_SELECTOR = YES;
				GCC_WARN_UNINITIALIZED_AUTOS = YES_AGGRESSIVE;
				GCC_WARN_UNUSED_FUNCTION = YES;
				GCC_WARN_UNUSED_VARIABLE = YES;
				IPHONEOS_DEPLOYMENT_TARGET = 11.2;
				MTL_ENABLE_DEBUG_INFO = NO;
				SDKROOT = iphoneos;
				SWIFT_OPTIMIZATION_LEVEL = "-Owholemodule";
				VALIDATE_PRODUCT = YES;
			};
			name = Release;
		};
		8DAAA694202A9C53007048EE /* Debug */ = {
			isa = XCBuildConfiguration;
			buildSettings = {
				ASSETCATALOG_COMPILER_APPICON_NAME = AppIcon;
				CODE_SIGN_STYLE = Automatic;
				DEVELOPMENT_TEAM = MLY85CU7X5;
				INFOPLIST_FILE = DreamLister/Info.plist;
				LD_RUNPATH_SEARCH_PATHS = "$(inherited) @executable_path/Frameworks";
				PRODUCT_BUNDLE_IDENTIFIER = com.avram.DreamLister;
				PRODUCT_NAME = "$(TARGET_NAME)";
				SWIFT_VERSION = 4.0;
				TARGETED_DEVICE_FAMILY = "1,2";
			};
			name = Debug;
		};
		8DAAA695202A9C53007048EE /* Release */ = {
			isa = XCBuildConfiguration;
			buildSettings = {
				ASSETCATALOG_COMPILER_APPICON_NAME = AppIcon;
				CODE_SIGN_STYLE = Automatic;
				DEVELOPMENT_TEAM = MLY85CU7X5;
				INFOPLIST_FILE = DreamLister/Info.plist;
				LD_RUNPATH_SEARCH_PATHS = "$(inherited) @executable_path/Frameworks";
				PRODUCT_BUNDLE_IDENTIFIER = com.avram.DreamLister;
				PRODUCT_NAME = "$(TARGET_NAME)";
				SWIFT_VERSION = 4.0;
				TARGETED_DEVICE_FAMILY = "1,2";
			};
			name = Release;
		};
/* End XCBuildConfiguration section */

/* Begin XCConfigurationList section */
		8DAAA679202A9C53007048EE /* Build configuration list for PBXProject "DreamLister" */ = {
			isa = XCConfigurationList;
			buildConfigurations = (
				8DAAA691202A9C53007048EE /* Debug */,
				8DAAA692202A9C53007048EE /* Release */,
			);
			defaultConfigurationIsVisible = 0;
			defaultConfigurationName = Release;
		};
		8DAAA693202A9C53007048EE /* Build configuration list for PBXNativeTarget "DreamLister" */ = {
			isa = XCConfigurationList;
			buildConfigurations = (
				8DAAA694202A9C53007048EE /* Debug */,
				8DAAA695202A9C53007048EE /* Release */,
			);
			defaultConfigurationIsVisible = 0;
			defaultConfigurationName = Release;
		};
/* End XCConfigurationList section */

/* Begin XCVersionGroup section */
		8DAAA688202A9C53007048EE /* DreamLister.xcdatamodeld */ = {
			isa = XCVersionGroup;
			children = (
				8DAAA689202A9C53007048EE /* DreamLister.xcdatamodel */,
			);
			currentVersion = 8DAAA689202A9C53007048EE /* DreamLister.xcdatamodel */;
			path = DreamLister.xcdatamodeld;
			sourceTree = "<group>";
			versionGroupType = wrapper.xcdatamodel;
		};
/* End XCVersionGroup section */
	};
	rootObject = 8DAAA676202A9C53007048EE /* Project object */;
}
